
Microsoft Visual Studio Solution File, Format Version 12.00
# Visual Studio 15
VisualStudioVersion = 15.0.28307.645
MinimumVisualStudioVersion = 10.0.40219.1
Project("{FAE04EC0-301F-11D3-BF4B-00C04F79EFBC}") = "CGMBendRecog", "CGMBendRecog\CGMBendRecog.csproj", "{85C91B35-099B-4FED-B8F9-1D1E8F3DF20F}"
EndProject
Global
	GlobalSection(SolutionConfigurationPlatforms) = preSolution
		Debug|x64 = Debug|x64
		Debug|x86 = Debug|x86
		Release|x64 = Release|x64
		Release|x86 = Release|x86
	EndGlobalSection
	GlobalSection(ProjectConfigurationPlatforms) = postSolution
		{85C91B35-099B-4FED-B8F9-1D1E8F3DF20F}.Debug|x64.ActiveCfg = Debug|x64
		{85C91B35-099B-4FED-B8F9-1D1E8F3DF20F}.Debug|x64.Build.0 = Debug|x64
		{85C91B35-099B-4FED-B8F9-1D1E8F3DF20F}.Debug|x86.ActiveCfg = Debug|x64
		{85C91B35-099B-4FED-B8F9-1D1E8F3DF20F}.Release|x64.ActiveCfg = Release|x64
		{85C91B35-099B-4FED-B8F9-1D1E8F3DF20F}.Release|x64.Build.0 = Release|x64
		{85C91B35-099B-4FED-B8F9-1D1E8F3DF20F}.Release|x86.ActiveCfg = Release|x64
	EndGlobalSection
	GlobalSection(SolutionProperties) = preSolution
		HideSolutionNode = FALSE
	EndGlobalSection
	GlobalSection(ExtensibilityGlobals) = postSolution
		SolutionGuid = {E2CD294D-B5E3-4073-8400-44C74D9F397E}
	EndGlobalSection
EndGlobal
